
Microsoft Visual Studio Solution File, Format Version 12.00
Project("{2150E333-8FDC-42A3-9474-1A3956D46DE8}") = "Common", "Common", "{364F4CA9-C671-4FD9-BD82-A2D5F1796A69}"
EndProject
Project("{2150E333-8FDC-42A3-9474-1A3956D46DE8}") = "Compute", "Compute", "{3DB651F1-3D49-463B-9EE0-6C524E92AAE1}"
EndProject
Project("{2150E333-8FDC-42A3-9474-1A3956D46DE8}") = "Services", "Services", "{07A000BD-7046-468A-9CE3-26C3E41D8AC9}"
EndProject
Project("{FAE04EC0-301F-11D3-BF4B-00C04F79EFBC}") = "Apollo.F1.Common", "Common\Apollo.F1.Common\Apollo.F1.Common.csproj", "{62E7F09E-0CD3-4EB5-8573-8FC00A006791}"
EndProject
Project("{FAE04EC0-301F-11D3-BF4B-00C04F79EFBC}") = "Apollo.F1.Compute", "Compute\Apollo.F1.Compute\Apollo.F1.Compute.csproj", "{E8C3031B-1E87-415D-8B4A-9AB401F93383}"
EndProject
Project("{FAE04EC0-301F-11D3-BF4B-00C04F79EFBC}") = "Apollo.F1.Compute.Cuda", "Compute\Apollo.F1.Compute.Cuda\Apollo.F1.Compute.Cuda.csproj", "{2178AECA-6525-4DA1-A222-A3AB1376CDAC}"
EndProject
Project("{FAE04EC0-301F-11D3-BF4B-00C04F79EFBC}") = "Apollo.F1.Service", "Services\Apollo.F1.Service\Apollo.F1.Service.csproj", "{57727429-3DAC-4675-9B98-25BF8B776C1D}"
EndProject
Project("{2150E333-8FDC-42A3-9474-1A3956D46DE8}") = "Platform", "Platform", "{E8820D49-BB6D-474B-A1A8-D0D57169F6B8}"
EndProject
Project("{FAE04EC0-301F-11D3-BF4B-00C04F79EFBC}") = "Apollo.F1.Platform.Windows", "Platform\Apollo.F1.Platform.Windows\Apollo.F1.Platform.Windows.csproj", "{82DC3902-04EF-42C5-83F4-0FC5F9EC3396}"
EndProject
Project("{FAE04EC0-301F-11D3-BF4B-00C04F79EFBC}") = "Apollo.F1.Platform", "Platform\Apollo.F1.Platform\Apollo.F1.Platform.csproj", "{B745C1D2-0A15-4144-B93B-9626A4A5EB4E}"
EndProject
Global
	GlobalSection(SolutionConfigurationPlatforms) = preSolution
		Debug|Any CPU = Debug|Any CPU
		Release|Any CPU = Release|Any CPU
	EndGlobalSection
	GlobalSection(ProjectConfigurationPlatforms) = postSolution
		{62E7F09E-0CD3-4EB5-8573-8FC00A006791}.Debug|Any CPU.ActiveCfg = Debug|Any CPU
		{62E7F09E-0CD3-4EB5-8573-8FC00A006791}.Debug|Any CPU.Build.0 = Debug|Any CPU
		{62E7F09E-0CD3-4EB5-8573-8FC00A006791}.Release|Any CPU.ActiveCfg = Release|Any CPU
		{62E7F09E-0CD3-4EB5-8573-8FC00A006791}.Release|Any CPU.Build.0 = Release|Any CPU
		{E8C3031B-1E87-415D-8B4A-9AB401F93383}.Debug|Any CPU.ActiveCfg = Debug|Any CPU
		{E8C3031B-1E87-415D-8B4A-9AB401F93383}.Debug|Any CPU.Build.0 = Debug|Any CPU
		{E8C3031B-1E87-415D-8B4A-9AB401F93383}.Release|Any CPU.ActiveCfg = Release|Any CPU
		{E8C3031B-1E87-415D-8B4A-9AB401F93383}.Release|Any CPU.Build.0 = Release|Any CPU
		{2178AECA-6525-4DA1-A222-A3AB1376CDAC}.Debug|Any CPU.ActiveCfg = Debug|Any CPU
		{2178AECA-6525-4DA1-A222-A3AB1376CDAC}.Debug|Any CPU.Build.0 = Debug|Any CPU
		{2178AECA-6525-4DA1-A222-A3AB1376CDAC}.Release|Any CPU.ActiveCfg = Release|Any CPU
		{2178AECA-6525-4DA1-A222-A3AB1376CDAC}.Release|Any CPU.Build.0 = Release|Any CPU
		{57727429-3DAC-4675-9B98-25BF8B776C1D}.Debug|Any CPU.ActiveCfg = Debug|Any CPU
		{57727429-3DAC-4675-9B98-25BF8B776C1D}.Debug|Any CPU.Build.0 = Debug|Any CPU
		{57727429-3DAC-4675-9B98-25BF8B776C1D}.Release|Any CPU.ActiveCfg = Release|Any CPU
		{57727429-3DAC-4675-9B98-25BF8B776C1D}.Release|Any CPU.Build.0 = Release|Any CPU
		{82DC3902-04EF-42C5-83F4-0FC5F9EC3396}.Debug|Any CPU.ActiveCfg = Debug|Any CPU
		{82DC3902-04EF-42C5-83F4-0FC5F9EC3396}.Debug|Any CPU.Build.0 = Debug|Any CPU
		{82DC3902-04EF-42C5-83F4-0FC5F9EC3396}.Release|Any CPU.ActiveCfg = Release|Any CPU
		{82DC3902-04EF-42C5-83F4-0FC5F9EC3396}.Release|Any CPU.Build.0 = Release|Any CPU
		{B745C1D2-0A15-4144-B93B-9626A4A5EB4E}.Debug|Any CPU.ActiveCfg = Debug|Any CPU
		{B745C1D2-0A15-4144-B93B-9626A4A5EB4E}.Debug|Any CPU.Build.0 = Debug|Any CPU
		{B745C1D2-0A15-4144-B93B-9626A4A5EB4E}.Release|Any CPU.ActiveCfg = Release|Any CPU
		{B745C1D2-0A15-4144-B93B-9626A4A5EB4E}.Release|Any CPU.Build.0 = Release|Any CPU
	EndGlobalSection
	GlobalSection(NestedProjects) = preSolution
		{62E7F09E-0CD3-4EB5-8573-8FC00A006791} = {364F4CA9-C671-4FD9-BD82-A2D5F1796A69}
		{E8C3031B-1E87-415D-8B4A-9AB401F93383} = {3DB651F1-3D49-463B-9EE0-6C524E92AAE1}
		{2178AECA-6525-4DA1-A222-A3AB1376CDAC} = {3DB651F1-3D49-463B-9EE0-6C524E92AAE1}
		{57727429-3DAC-4675-9B98-25BF8B776C1D} = {07A000BD-7046-468A-9CE3-26C3E41D8AC9}
		{82DC3902-04EF-42C5-83F4-0FC5F9EC3396} = {E8820D49-BB6D-474B-A1A8-D0D57169F6B8}
		{B745C1D2-0A15-4144-B93B-9626A4A5EB4E} = {E8820D49-BB6D-474B-A1A8-D0D57169F6B8}
	EndGlobalSection
EndGlobal
